
Microsoft Visual Studio Solution File, Format Version 12.00
# Visual Studio Version 17
VisualStudioVersion = 17.6.33723.286
MinimumVisualStudioVersion = 10.0.40219.1
Project("{9A19103F-16F7-4668-BE54-9A1E7A4F7556}") = "OnneaRE", "OnneaRE.csproj", "{181B8977-BBF4-42B6-959C-954D6DE45531}"
EndProject
Project("{54435603-DBB4-11D2-8724-00A0C9A8B90C}") = "Setup", "..\Setup\Setup.vdproj", "{7B4A8C51-B25B-44E2-8E2B-710A06B178E9}"
EndProject
Global
	GlobalSection(SolutionConfigurationPlatforms) = preSolution
		Debug|Any CPU = Debug|Any CPU
		Release|Any CPU = Release|Any CPU
	EndGlobalSection
	GlobalSection(ProjectConfigurationPlatforms) = postSolution
		{181B8977-BBF4-42B6-959C-954D6DE45531}.Debug|Any CPU.ActiveCfg = Debug|Any CPU
		{181B8977-BBF4-42B6-959C-954D6DE45531}.Debug|Any CPU.Build.0 = Debug|Any CPU
		{181B8977-BBF4-42B6-959C-954D6DE45531}.Release|Any CPU.ActiveCfg = Release|Any CPU
		{181B8977-BBF4-42B6-959C-954D6DE45531}.Release|Any CPU.Build.0 = Release|Any CPU
		{7B4A8C51-B25B-44E2-8E2B-710A06B178E9}.Debug|Any CPU.ActiveCfg = Debug
		{7B4A8C51-B25B-44E2-8E2B-710A06B178E9}.Release|Any CPU.ActiveCfg = Release
	EndGlobalSection
	GlobalSection(SolutionProperties) = preSolution
		HideSolutionNode = FALSE
	EndGlobalSection
	GlobalSection(ExtensibilityGlobals) = postSolution
		SolutionGuid = {21F139D5-346D-495C-9E73-EEB640A18574}
	EndGlobalSection
EndGlobal
